
Microsoft Visual Studio Solution File, Format Version 12.00
# Visual Studio 15
VisualStudioVersion = 15.0.26124.0
MinimumVisualStudioVersion = 15.0.26124.0
Project("{FAE04EC0-301F-11D3-BF4B-00C04F79EFBC}") = "MicroserviceNet6", "MicroserviceNet6\MicroserviceNet6.csproj", "{0FA36C48-4D3C-4236-BF11-4A9D26AD416A}"
EndProject
Project("{2150E333-8FDC-42A3-9474-1A3956D46DE8}") = "lambdas", "lambdas", "{3F1A707E-C085-4EB3-8865-09D4CB2D8245}"
EndProject
Project("{2150E333-8FDC-42A3-9474-1A3956D46DE8}") = "SavePolicy", "SavePolicy", "{4731533B-E8E4-44EE-892A-766693C9D354}"
EndProject
Project("{2150E333-8FDC-42A3-9474-1A3956D46DE8}") = "src", "src", "{8F6D4E4E-F0CE-492B-B7FA-335C06D09114}"
EndProject
Project("{FAE04EC0-301F-11D3-BF4B-00C04F79EFBC}") = "SavePolicy", "lambdas\SavePolicy\src\SavePolicy\SavePolicy.csproj", "{9CC1EEF9-AB6E-41C4-BDD5-AF69E0B2B708}"
EndProject
Project("{2150E333-8FDC-42A3-9474-1A3956D46DE8}") = "ReadPolicy", "ReadPolicy", "{42D2D83A-5759-4469-9ABE-FCF6CD5B41F1}"
EndProject
Project("{2150E333-8FDC-42A3-9474-1A3956D46DE8}") = "src", "src", "{D52B218E-580D-44C4-B2FA-4E4198822326}"
EndProject
Project("{FAE04EC0-301F-11D3-BF4B-00C04F79EFBC}") = "ReadPolicy", "lambdas\ReadPolicy\src\ReadPolicy\ReadPolicy.csproj", "{94A6D9CA-F5C1-4953-9B8A-F5AE3B85493F}"
EndProject
Global
	GlobalSection(SolutionConfigurationPlatforms) = preSolution
		Debug|Any CPU = Debug|Any CPU
		Debug|x64 = Debug|x64
		Debug|x86 = Debug|x86
		Release|Any CPU = Release|Any CPU
		Release|x64 = Release|x64
		Release|x86 = Release|x86
	EndGlobalSection
	GlobalSection(SolutionProperties) = preSolution
		HideSolutionNode = FALSE
	EndGlobalSection
	GlobalSection(ProjectConfigurationPlatforms) = postSolution
		{0FA36C48-4D3C-4236-BF11-4A9D26AD416A}.Debug|Any CPU.ActiveCfg = Debug|Any CPU
		{0FA36C48-4D3C-4236-BF11-4A9D26AD416A}.Debug|Any CPU.Build.0 = Debug|Any CPU
		{0FA36C48-4D3C-4236-BF11-4A9D26AD416A}.Debug|x64.ActiveCfg = Debug|Any CPU
		{0FA36C48-4D3C-4236-BF11-4A9D26AD416A}.Debug|x64.Build.0 = Debug|Any CPU
		{0FA36C48-4D3C-4236-BF11-4A9D26AD416A}.Debug|x86.ActiveCfg = Debug|Any CPU
		{0FA36C48-4D3C-4236-BF11-4A9D26AD416A}.Debug|x86.Build.0 = Debug|Any CPU
		{0FA36C48-4D3C-4236-BF11-4A9D26AD416A}.Release|Any CPU.ActiveCfg = Release|Any CPU
		{0FA36C48-4D3C-4236-BF11-4A9D26AD416A}.Release|Any CPU.Build.0 = Release|Any CPU
		{0FA36C48-4D3C-4236-BF11-4A9D26AD416A}.Release|x64.ActiveCfg = Release|Any CPU
		{0FA36C48-4D3C-4236-BF11-4A9D26AD416A}.Release|x64.Build.0 = Release|Any CPU
		{0FA36C48-4D3C-4236-BF11-4A9D26AD416A}.Release|x86.ActiveCfg = Release|Any CPU
		{0FA36C48-4D3C-4236-BF11-4A9D26AD416A}.Release|x86.Build.0 = Release|Any CPU
		{9CC1EEF9-AB6E-41C4-BDD5-AF69E0B2B708}.Debug|Any CPU.ActiveCfg = Debug|Any CPU
		{9CC1EEF9-AB6E-41C4-BDD5-AF69E0B2B708}.Debug|Any CPU.Build.0 = Debug|Any CPU
		{9CC1EEF9-AB6E-41C4-BDD5-AF69E0B2B708}.Debug|x64.ActiveCfg = Debug|Any CPU
		{9CC1EEF9-AB6E-41C4-BDD5-AF69E0B2B708}.Debug|x64.Build.0 = Debug|Any CPU
		{9CC1EEF9-AB6E-41C4-BDD5-AF69E0B2B708}.Debug|x86.ActiveCfg = Debug|Any CPU
		{9CC1EEF9-AB6E-41C4-BDD5-AF69E0B2B708}.Debug|x86.Build.0 = Debug|Any CPU
		{9CC1EEF9-AB6E-41C4-BDD5-AF69E0B2B708}.Release|Any CPU.ActiveCfg = Release|Any CPU
		{9CC1EEF9-AB6E-41C4-BDD5-AF69E0B2B708}.Release|Any CPU.Build.0 = Release|Any CPU
		{9CC1EEF9-AB6E-41C4-BDD5-AF69E0B2B708}.Release|x64.ActiveCfg = Release|Any CPU
		{9CC1EEF9-AB6E-41C4-BDD5-AF69E0B2B708}.Release|x64.Build.0 = Release|Any CPU
		{9CC1EEF9-AB6E-41C4-BDD5-AF69E0B2B708}.Release|x86.ActiveCfg = Release|Any CPU
		{9CC1EEF9-AB6E-41C4-BDD5-AF69E0B2B708}.Release|x86.Build.0 = Release|Any CPU
		{94A6D9CA-F5C1-4953-9B8A-F5AE3B85493F}.Debug|Any CPU.ActiveCfg = Debug|Any CPU
		{94A6D9CA-F5C1-4953-9B8A-F5AE3B85493F}.Debug|Any CPU.Build.0 = Debug|Any CPU
		{94A6D9CA-F5C1-4953-9B8A-F5AE3B85493F}.Debug|x64.ActiveCfg = Debug|Any CPU
		{94A6D9CA-F5C1-4953-9B8A-F5AE3B85493F}.Debug|x64.Build.0 = Debug|Any CPU
		{94A6D9CA-F5C1-4953-9B8A-F5AE3B85493F}.Debug|x86.ActiveCfg = Debug|Any CPU
		{94A6D9CA-F5C1-4953-9B8A-F5AE3B85493F}.Debug|x86.Build.0 = Debug|Any CPU
		{94A6D9CA-F5C1-4953-9B8A-F5AE3B85493F}.Release|Any CPU.ActiveCfg = Release|Any CPU
		{94A6D9CA-F5C1-4953-9B8A-F5AE3B85493F}.Release|Any CPU.Build.0 = Release|Any CPU
		{94A6D9CA-F5C1-4953-9B8A-F5AE3B85493F}.Release|x64.ActiveCfg = Release|Any CPU
		{94A6D9CA-F5C1-4953-9B8A-F5AE3B85493F}.Release|x64.Build.0 = Release|Any CPU
		{94A6D9CA-F5C1-4953-9B8A-F5AE3B85493F}.Release|x86.ActiveCfg = Release|Any CPU
		{94A6D9CA-F5C1-4953-9B8A-F5AE3B85493F}.Release|x86.Build.0 = Release|Any CPU
	EndGlobalSection
	GlobalSection(NestedProjects) = preSolution
		{4731533B-E8E4-44EE-892A-766693C9D354} = {3F1A707E-C085-4EB3-8865-09D4CB2D8245}
		{8F6D4E4E-F0CE-492B-B7FA-335C06D09114} = {4731533B-E8E4-44EE-892A-766693C9D354}
		{9CC1EEF9-AB6E-41C4-BDD5-AF69E0B2B708} = {8F6D4E4E-F0CE-492B-B7FA-335C06D09114}
		{42D2D83A-5759-4469-9ABE-FCF6CD5B41F1} = {3F1A707E-C085-4EB3-8865-09D4CB2D8245}
		{D52B218E-580D-44C4-B2FA-4E4198822326} = {42D2D83A-5759-4469-9ABE-FCF6CD5B41F1}
		{94A6D9CA-F5C1-4953-9B8A-F5AE3B85493F} = {D52B218E-580D-44C4-B2FA-4E4198822326}
	EndGlobalSection
EndGlobal
